
Microsoft Visual Studio Solution File, Format Version 12.00
# Visual Studio Version 17
VisualStudioVersion = 17.0.31903.59
MinimumVisualStudioVersion = 10.0.40219.1
Project("{FAE04EC0-301F-11D3-BF4B-00C04F79EFBC}") = "Timesoft.Solution.Web4", "Timesoft.Solution.Web4\Timesoft.Solution.Web4.csproj", "{0AA177B9-D7DC-4514-88CA-5DEA1A0752AA}"
EndProject
Project("{FAE04EC0-301F-11D3-BF4B-00C04F79EFBC}") = "Timesoft.Solution.Api.Web4", "Timesoft.Solution.Api.Web4\Timesoft.Solution.Api.Web4.csproj", "{2972B7D9-6873-4BB5-BB43-C89AA5E4B89E}"
EndProject
Project("{FAE04EC0-301F-11D3-BF4B-00C04F79EFBC}") = "Timesoft.Solution.RealtimeHub", "Timesoft.Solution.RealtimeHub\Timesoft.Solution.RealtimeHub.csproj", "{4DBE3A02-C08B-42B3-902C-966F0DB3F17D}"
EndProject
Project("{FAE04EC0-301F-11D3-BF4B-00C04F79EFBC}") = "Timesoft.Solution.Web3", "Timesoft.Solution.Web3\Timesoft.Solution.Web3.csproj", "{B3919675-C6A1-4FC8-A272-9C0907A7729B}"
EndProject
Project("{FAE04EC0-301F-11D3-BF4B-00C04F79EFBC}") = "Timesoft.Solution.Api.Web3", "Timesoft.Solution.Api.Web3\Timesoft.Solution.Api.Web3.csproj", "{8B318F92-A08D-475D-A622-98A94DE78A5C}"
EndProject
Global
	GlobalSection(SolutionConfigurationPlatforms) = preSolution
		Debug|Any CPU = Debug|Any CPU
		Debug|x64 = Debug|x64
		Debug|x86 = Debug|x86
		Release|Any CPU = Release|Any CPU
		Release|x64 = Release|x64
		Release|x86 = Release|x86
	EndGlobalSection
	GlobalSection(ProjectConfigurationPlatforms) = postSolution
		{0AA177B9-D7DC-4514-88CA-5DEA1A0752AA}.Debug|Any CPU.ActiveCfg = Debug|Any CPU
		{0AA177B9-D7DC-4514-88CA-5DEA1A0752AA}.Debug|Any CPU.Build.0 = Debug|Any CPU
		{0AA177B9-D7DC-4514-88CA-5DEA1A0752AA}.Debug|x64.ActiveCfg = Debug|Any CPU
		{0AA177B9-D7DC-4514-88CA-5DEA1A0752AA}.Debug|x64.Build.0 = Debug|Any CPU
		{0AA177B9-D7DC-4514-88CA-5DEA1A0752AA}.Debug|x86.ActiveCfg = Debug|Any CPU
		{0AA177B9-D7DC-4514-88CA-5DEA1A0752AA}.Debug|x86.Build.0 = Debug|Any CPU
		{0AA177B9-D7DC-4514-88CA-5DEA1A0752AA}.Release|Any CPU.ActiveCfg = Release|Any CPU
		{0AA177B9-D7DC-4514-88CA-5DEA1A0752AA}.Release|Any CPU.Build.0 = Release|Any CPU
		{0AA177B9-D7DC-4514-88CA-5DEA1A0752AA}.Release|x64.ActiveCfg = Release|Any CPU
		{0AA177B9-D7DC-4514-88CA-5DEA1A0752AA}.Release|x64.Build.0 = Release|Any CPU
		{0AA177B9-D7DC-4514-88CA-5DEA1A0752AA}.Release|x86.ActiveCfg = Release|Any CPU
		{0AA177B9-D7DC-4514-88CA-5DEA1A0752AA}.Release|x86.Build.0 = Release|Any CPU
		{2972B7D9-6873-4BB5-BB43-C89AA5E4B89E}.Debug|Any CPU.ActiveCfg = Debug|Any CPU
		{2972B7D9-6873-4BB5-BB43-C89AA5E4B89E}.Debug|Any CPU.Build.0 = Debug|Any CPU
		{2972B7D9-6873-4BB5-BB43-C89AA5E4B89E}.Debug|x64.ActiveCfg = Debug|Any CPU
		{2972B7D9-6873-4BB5-BB43-C89AA5E4B89E}.Debug|x64.Build.0 = Debug|Any CPU
		{2972B7D9-6873-4BB5-BB43-C89AA5E4B89E}.Debug|x86.ActiveCfg = Debug|Any CPU
		{2972B7D9-6873-4BB5-BB43-C89AA5E4B89E}.Debug|x86.Build.0 = Debug|Any CPU
		{2972B7D9-6873-4BB5-BB43-C89AA5E4B89E}.Release|Any CPU.ActiveCfg = Release|Any CPU
		{2972B7D9-6873-4BB5-BB43-C89AA5E4B89E}.Release|Any CPU.Build.0 = Release|Any CPU
		{2972B7D9-6873-4BB5-BB43-C89AA5E4B89E}.Release|x64.ActiveCfg = Release|Any CPU
		{2972B7D9-6873-4BB5-BB43-C89AA5E4B89E}.Release|x64.Build.0 = Release|Any CPU
		{2972B7D9-6873-4BB5-BB43-C89AA5E4B89E}.Release|x86.ActiveCfg = Release|Any CPU
		{2972B7D9-6873-4BB5-BB43-C89AA5E4B89E}.Release|x86.Build.0 = Release|Any CPU
		{4DBE3A02-C08B-42B3-902C-966F0DB3F17D}.Debug|Any CPU.ActiveCfg = Debug|Any CPU
		{4DBE3A02-C08B-42B3-902C-966F0DB3F17D}.Debug|Any CPU.Build.0 = Debug|Any CPU
		{4DBE3A02-C08B-42B3-902C-966F0DB3F17D}.Debug|x64.ActiveCfg = Debug|Any CPU
		{4DBE3A02-C08B-42B3-902C-966F0DB3F17D}.Debug|x64.Build.0 = Debug|Any CPU
		{4DBE3A02-C08B-42B3-902C-966F0DB3F17D}.Debug|x86.ActiveCfg = Debug|Any CPU
		{4DBE3A02-C08B-42B3-902C-966F0DB3F17D}.Debug|x86.Build.0 = Debug|Any CPU
		{4DBE3A02-C08B-42B3-902C-966F0DB3F17D}.Release|Any CPU.ActiveCfg = Release|Any CPU
		{4DBE3A02-C08B-42B3-902C-966F0DB3F17D}.Release|Any CPU.Build.0 = Release|Any CPU
		{4DBE3A02-C08B-42B3-902C-966F0DB3F17D}.Release|x64.ActiveCfg = Release|Any CPU
		{4DBE3A02-C08B-42B3-902C-966F0DB3F17D}.Release|x64.Build.0 = Release|Any CPU
		{4DBE3A02-C08B-42B3-902C-966F0DB3F17D}.Release|x86.ActiveCfg = Release|Any CPU
		{4DBE3A02-C08B-42B3-902C-966F0DB3F17D}.Release|x86.Build.0 = Release|Any CPU
		{B3919675-C6A1-4FC8-A272-9C0907A7729B}.Debug|Any CPU.ActiveCfg = Debug|Any CPU
		{B3919675-C6A1-4FC8-A272-9C0907A7729B}.Debug|Any CPU.Build.0 = Debug|Any CPU
		{B3919675-C6A1-4FC8-A272-9C0907A7729B}.Debug|x64.ActiveCfg = Debug|Any CPU
		{B3919675-C6A1-4FC8-A272-9C0907A7729B}.Debug|x64.Build.0 = Debug|Any CPU
		{B3919675-C6A1-4FC8-A272-9C0907A7729B}.Debug|x86.ActiveCfg = Debug|Any CPU
		{B3919675-C6A1-4FC8-A272-9C0907A7729B}.Debug|x86.Build.0 = Debug|Any CPU
		{B3919675-C6A1-4FC8-A272-9C0907A7729B}.Release|Any CPU.ActiveCfg = Release|Any CPU
		{B3919675-C6A1-4FC8-A272-9C0907A7729B}.Release|Any CPU.Build.0 = Release|Any CPU
		{B3919675-C6A1-4FC8-A272-9C0907A7729B}.Release|x64.ActiveCfg = Release|Any CPU
		{B3919675-C6A1-4FC8-A272-9C0907A7729B}.Release|x64.Build.0 = Release|Any CPU
		{B3919675-C6A1-4FC8-A272-9C0907A7729B}.Release|x86.ActiveCfg = Release|Any CPU
		{B3919675-C6A1-4FC8-A272-9C0907A7729B}.Release|x86.Build.0 = Release|Any CPU
		{8B318F92-A08D-475D-A622-98A94DE78A5C}.Debug|Any CPU.ActiveCfg = Debug|Any CPU
		{8B318F92-A08D-475D-A622-98A94DE78A5C}.Debug|Any CPU.Build.0 = Debug|Any CPU
		{8B318F92-A08D-475D-A622-98A94DE78A5C}.Debug|x64.ActiveCfg = Debug|Any CPU
		{8B318F92-A08D-475D-A622-98A94DE78A5C}.Debug|x64.Build.0 = Debug|Any CPU
		{8B318F92-A08D-475D-A622-98A94DE78A5C}.Debug|x86.ActiveCfg = Debug|Any CPU
		{8B318F92-A08D-475D-A622-98A94DE78A5C}.Debug|x86.Build.0 = Debug|Any CPU
		{8B318F92-A08D-475D-A622-98A94DE78A5C}.Release|Any CPU.ActiveCfg = Release|Any CPU
		{8B318F92-A08D-475D-A622-98A94DE78A5C}.Release|Any CPU.Build.0 = Release|Any CPU
		{8B318F92-A08D-475D-A622-98A94DE78A5C}.Release|x64.ActiveCfg = Release|Any CPU
		{8B318F92-A08D-475D-A622-98A94DE78A5C}.Release|x64.Build.0 = Release|Any CPU
		{8B318F92-A08D-475D-A622-98A94DE78A5C}.Release|x86.ActiveCfg = Release|Any CPU
		{8B318F92-A08D-475D-A622-98A94DE78A5C}.Release|x86.Build.0 = Release|Any CPU
	EndGlobalSection
	GlobalSection(SolutionProperties) = preSolution
		HideSolutionNode = FALSE
	EndGlobalSection
EndGlobal
